<?xml version="1.0" encoding="utf-8"?>
<Project ToolsVersion="4.0" xmlns="http://schemas.microsoft.com/developer/msbuild/2003">
  <ItemGroup>
    <Filter Include="Source Files">
      <UniqueIdentifier>{4FC737F1-C7A5-4376-A066-2A32D752A2FF}</UniqueIdentifier>
      <Extensions>cpp;c;cc;cxx;def;odl;idl;hpj;bat;asm;asmx</Extensions>
    </Filter>
    <Filter Include="Header Files">
      <UniqueIdentifier>{93995380-89BD-4b04-88EB-625FBE52EBFB}</UniqueIdentifier>
      <Extensions>h;hh;hpp;hxx;hm;inl;inc;ipp;xsd</Extensions>
    </Filter>
    <Filter Include="Resource Files">
      <UniqueIdentifier>{67DA6AB6-F800-4c08-8B7A-83BB121AAD01}</UniqueIdentifier>
      <Extensions>rc;ico;cur;bmp;dlg;rc2;rct;bin;rgs;gif;jpg;jpeg;jpe;resx;tiff;tif;png;wav;mfcribbon-ms</Extensions>
    </Filter>
    <Filter Include="Recursion">
      <UniqueIdentifier>{512d7f95-4b80-49fe-8bd9-d22edbee2a68}</UniqueIdentifier>
    </Filter>
    <Filter Include="LinkedList">
      <UniqueIdentifier>{a5f824c8-f2f6-43dc-a291-75d8d0e3f9f8}</UniqueIdentifier>
    </Filter>
    <Filter Include="Stack">
      <UniqueIdentifier>{029e5f9b-683f-4727-9281-080f48709231}</UniqueIdentifier>
    </Filter>
    <Filter Include="Extras">
      <UniqueIdentifier>{eaa777cd-a325-4c19-b0ad-a58bf633bdd3}</UniqueIdentifier>
    </Filter>
    <Filter Include="HackerRank">
      <UniqueIdentifier>{dd3064c9-3cf5-48a1-b535-be1ba1d385cc}</UniqueIdentifier>
    </Filter>
    <Filter Include="HashMap">
      <UniqueIdentifier>{100872cb-127a-4e2b-a334-6e626179f1eb}</UniqueIdentifier>
    </Filter>
  </ItemGroup>
  <ItemGroup>
    <ClCompile Include="code.cpp">
      <Filter>Source Files</Filter>
    </ClCompile>
    <ClCompile Include="Fibonacci.cpp">
      <Filter>Recursion</Filter>
    </ClCompile>
    <ClCompile Include="Factorial.cpp">
      <Filter>Recursion</Filter>
    </ClCompile>
    <ClCompile Include="LinkedList.cpp">
      <Filter>LinkedList</Filter>
    </ClCompile>
    <ClCompile Include="LinkedListMain.cpp">
      <Filter>LinkedList</Filter>
    </ClCompile>
    <ClCompile Include="DoublyLinkedList.cpp">
      <Filter>LinkedList</Filter>
    </ClCompile>
    <ClCompile Include="DoublyLinkedListMain.cpp">
      <Filter>LinkedList</Filter>
    </ClCompile>
    <ClCompile Include="CircularLinkedList.cpp">
      <Filter>LinkedList</Filter>
    </ClCompile>
    <ClCompile Include="CircularLinkedListMain.cpp">
      <Filter>LinkedList</Filter>
    </ClCompile>
    <ClCompile Include="IsLinkedListCircular.cpp">
      <Filter>LinkedList</Filter>
    </ClCompile>
    <ClCompile Include="LinkedListMergingPoint.cpp">
      <Filter>LinkedList</Filter>
    </ClCompile>
    <ClCompile Include="StackArray.cpp">
      <Filter>Stack</Filter>
    </ClCompile>
    <ClCompile Include="StackArrayMain.cpp">
      <Filter>Stack</Filter>
    </ClCompile>
    <ClCompile Include="StackLinkedList.cpp">
      <Filter>Stack</Filter>
    </ClCompile>
    <ClCompile Include="StackLinkedListMain.cpp">
      <Filter>Stack</Filter>
    </ClCompile>
    <ClCompile Include="SortMerge.cpp">
      <Filter>Source Files</Filter>
    </ClCompile>
    <ClCompile Include="SumOfNumbers.cpp">
      <Filter>Extras</Filter>
    </ClCompile>
    <ClCompile Include="AddLinkedListMain.cpp">
      <Filter>LinkedList</Filter>
    </ClCompile>
    <ClCompile Include="LinkedListInsertAtBeginning.cpp">
      <Filter>HackerRank</Filter>
    </ClCompile>
    <ClCompile Include="RemoveDuplicates.cpp">
      <Filter>HashMap</Filter>
    </ClCompile>
    <ClCompile Include="findmaxmin.cpp">
      <Filter>Extras</Filter>
    </ClCompile>
    <ClCompile Include="LinearSearch.cpp">
      <Filter>Extras</Filter>
    </ClCompile>
    <ClCompile Include="BinarSearch.cpp">
      <Filter>Extras</Filter>
    </ClCompile>
    <ClCompile Include="RevrseString.cpp">
      <Filter>Extras</Filter>
    </ClCompile>
    <ClCompile Include="findMax.cpp">
      <Filter>Extras</Filter>
    </ClCompile>
  </ItemGroup>
</Project>